{
  "meteor": {},
  "dependencies": {
    "basePackages": {
      "collection2": {},
      "bootstrap3-less": {
        "git": "https://github.com/Nemo64/bootstrap3-less.git",
        "branch": "master"
      }
    },
    "packages": {
      "collection2": {
        "git": "https://github.com/aldeed/meteor-collection2.git",
        "tag": "v0.4.6",
        "commit": "80554182486be0d8e74f7ed02194a5649d712e27"
      },
      "bootstrap3-less": {
        "git": "https://github.com/Nemo64/bootstrap3-less.git",
        "branch": "master",
        "commit": "89201990c1a1370bbb3fae05c4428d9f358cf17c"
      },
      "simple-schema": {
        "git": "https://github.com/aldeed/meteor-simple-schema.git",
        "tag": "v0.7.0",
        "commit": "77d267aec4ba8a70f677e5d9ef9fb91fb0e3f0f6"
      }
    }
  }
}
