{
  "meteor": {},
  "dependencies": {
    "basePackages": {
      "collection2": {},
      "bootstrap3-less": {
        "git": "https://github.com/Nemo64/bootstrap3-less.git",
        "branch": "master"
      },
      "depend-on": {},
      "query-builder": {}
    },
    "packages": {
      "collection2": {
        "git": "https://github.com/aldeed/meteor-collection2.git",
        "tag": "v0.4.6",
        "commit": "80554182486be0d8e74f7ed02194a5649d712e27"
      },
      "bootstrap3-less": {
        "git": "https://github.com/Nemo64/bootstrap3-less.git",
        "branch": "master",
        "commit": "89201990c1a1370bbb3fae05c4428d9f358cf17c"
      },
      "depend-on": {
        "git": "https://github.com/Nemo64/meteor-depend-on.git",
        "tag": "v1.0.1",
        "commit": "9346b46ea1f02180c1af1a6150f9e9e80f3266bd"
      },
      "query-builder": {
        "git": "https://github.com/Nemo64/meteor-query-builder.git",
        "tag": "v1.1.0",
        "commit": "e670744187bccdfee25c0d5a6b0650d2a9e8faca"
      },
      "simple-schema": {
        "git": "https://github.com/aldeed/meteor-simple-schema.git",
        "tag": "v0.7.0",
        "commit": "77d267aec4ba8a70f677e5d9ef9fb91fb0e3f0f6"
      }
    }
  }
}
