{
  "meteor": {},
  "dependencies": {
    "basePackages": {
      "iron-router": {},
      "simple-schema": {},
      "collection2": {},
      "translator": {},
      "query-builder": {},
      "bootstrap3-less": {
        "git": "https://github.com/Nemo64/bootstrap3-less.git",
        "branch": "master"
      }
    },
    "packages": {
      "iron-router": {
        "git": "https://github.com/EventedMind/iron-router.git",
        "tag": "v0.8.2",
        "commit": "05415a8891ea87a00fb1e2388585f2ca5a38e0da"
      },
      "simple-schema": {
        "git": "https://github.com/aldeed/meteor-simple-schema.git",
        "tag": "v0.7.0",
        "commit": "77d267aec4ba8a70f677e5d9ef9fb91fb0e3f0f6"
      },
      "collection2": {
        "git": "https://github.com/aldeed/meteor-collection2.git",
        "tag": "v0.4.6",
        "commit": "80554182486be0d8e74f7ed02194a5649d712e27"
      },
      "translator": {
        "git": "https://github.com/Nemo64/meteor-translator.git",
        "tag": "v0.6.3",
        "commit": "a5157da7cebf8d5a6279d5861bff14e0e45672e5"
      },
      "query-builder": {
        "git": "https://github.com/Nemo64/meteor-query-builder.git",
        "tag": "v1.1.0",
        "commit": "e670744187bccdfee25c0d5a6b0650d2a9e8faca"
      },
      "bootstrap3-less": {
        "git": "https://github.com/Nemo64/bootstrap3-less.git",
        "branch": "master",
        "commit": "89201990c1a1370bbb3fae05c4428d9f358cf17c"
      },
      "iron-layout": {
        "git": "https://github.com/EventedMind/iron-layout.git",
        "tag": "v0.2.0",
        "commit": "4a2d53e35ba036b0c189c7ceca34be494d4c6c97"
      },
      "inject-initial": {
        "git": "https://github.com/gadicc/meteor-inject-initial.git",
        "tag": "v0.0.8",
        "commit": "90f2fbcc5b4bc17fa4d4535f47813e31d86033b4"
      },
      "moment": {
        "git": "https://github.com/acreeger/meteor-moment.git",
        "tag": "v2.6.0",
        "commit": "26156df681750fd6e6ed77043eef32b6653ebbdf"
      },
      "blaze-layout": {
        "git": "https://github.com/EventedMind/blaze-layout.git",
        "tag": "v0.2.5",
        "commit": "273e3ab7d005d91a1a59c71bd224533b4dae2fbd"
      },
      "iron-core": {
        "git": "https://github.com/EventedMind/iron-core.git",
        "tag": "v0.2.0",
        "commit": "0e48b5dc50d03f01025b7b900fb5ce2f13d52cad"
      },
      "iron-dynamic-template": {
        "git": "https://github.com/EventedMind/iron-dynamic-template.git",
        "tag": "v0.2.1",
        "commit": "4dd1185c4d9d616c9abdb3f33e4a7d5a88db7e18"
      }
    }
  }
}
